// !$*UTF8*$!
{
	archiveVersion = 1;
	classes = {
	};
	objectVersion = 50;
	objects = {

/* Begin PBXBuildFile section */
		59271B0E24CF31B9000C8F24 /* UntouchableView.swift in Sources */ = {isa = PBXBuildFile; fileRef = 59271B0D24CF31B9000C8F24 /* UntouchableView.swift */; };
		59271B1124CF321A000C8F24 /* LGPDBannerContainerController.swift in Sources */ = {isa = PBXBuildFile; fileRef = 59271B1024CF321A000C8F24 /* LGPDBannerContainerController.swift */; };
		59271B1324CF325B000C8F24 /* UIApplication+Extensions.swift in Sources */ = {isa = PBXBuildFile; fileRef = 59271B1224CF325B000C8F24 /* UIApplication+Extensions.swift */; };
		59271B1624CF41DF000C8F24 /* LGPDBannerWindow.swift in Sources */ = {isa = PBXBuildFile; fileRef = 59271B1524CF41DF000C8F24 /* LGPDBannerWindow.swift */; };
		59271B1924CF4213000C8F24 /* LGPDBannerManager.swift in Sources */ = {isa = PBXBuildFile; fileRef = 59271B1824CF4213000C8F24 /* LGPDBannerManager.swift */; };
		59271B1B24D093A3000C8F24 /* Assets.xcassets in Resources */ = {isa = PBXBuildFile; fileRef = 59271B1A24D093A3000C8F24 /* Assets.xcassets */; };
		595FD7D424CF17F70090A491 /* ViewController.swift in Sources */ = {isa = PBXBuildFile; fileRef = 595FD7D324CF17F70090A491 /* ViewController.swift */; };
		595FD7D824CF219D0090A491 /* LGPDBannerView.swift in Sources */ = {isa = PBXBuildFile; fileRef = 595FD7D624CF219D0090A491 /* LGPDBannerView.swift */; };
		595FD7D924CF219D0090A491 /* LGPDBannerView.xib in Resources */ = {isa = PBXBuildFile; fileRef = 595FD7D724CF219D0090A491 /* LGPDBannerView.xib */; };
		595FD7DC24CF22920090A491 /* LGPDLocalizable.strings in Resources */ = {isa = PBXBuildFile; fileRef = 595FD7DB24CF22920090A491 /* LGPDLocalizable.strings */; };
		595FD7E024CF29280090A491 /* Localizable.swift in Sources */ = {isa = PBXBuildFile; fileRef = 595FD7DF24CF29280090A491 /* Localizable.swift */; };
		595FD7E324CF29920090A491 /* LGPDLocalization.swift in Sources */ = {isa = PBXBuildFile; fileRef = 595FD7E224CF29920090A491 /* LGPDLocalization.swift */; };
		59B5598524CF0EAF00ED7EA1 /* AppDelegate.swift in Sources */ = {isa = PBXBuildFile; fileRef = 59B5598424CF0EAF00ED7EA1 /* AppDelegate.swift */; };
		59B5598724CF0EAF00ED7EA1 /* SceneDelegate.swift in Sources */ = {isa = PBXBuildFile; fileRef = 59B5598624CF0EAF00ED7EA1 /* SceneDelegate.swift */; };
		59B5599124CF0EB100ED7EA1 /* LaunchScreen.storyboard in Resources */ = {isa = PBXBuildFile; fileRef = 59B5598F24CF0EB100ED7EA1 /* LaunchScreen.storyboard */; };
/* End PBXBuildFile section */

/* Begin PBXFileReference section */
		59271B0D24CF31B9000C8F24 /* UntouchableView.swift */ = {isa = PBXFileReference; lastKnownFileType = sourcecode.swift; path = UntouchableView.swift; sourceTree = "<group>"; };
		59271B1024CF321A000C8F24 /* LGPDBannerContainerController.swift */ = {isa = PBXFileReference; lastKnownFileType = sourcecode.swift; path = LGPDBannerContainerController.swift; sourceTree = "<group>"; };
		59271B1224CF325B000C8F24 /* UIApplication+Extensions.swift */ = {isa = PBXFileReference; lastKnownFileType = sourcecode.swift; path = "UIApplication+Extensions.swift"; sourceTree = "<group>"; };
		59271B1524CF41DF000C8F24 /* LGPDBannerWindow.swift */ = {isa = PBXFileReference; lastKnownFileType = sourcecode.swift; path = LGPDBannerWindow.swift; sourceTree = "<group>"; };
		59271B1824CF4213000C8F24 /* LGPDBannerManager.swift */ = {isa = PBXFileReference; lastKnownFileType = sourcecode.swift; path = LGPDBannerManager.swift; sourceTree = "<group>"; };
		59271B1A24D093A3000C8F24 /* Assets.xcassets */ = {isa = PBXFileReference; lastKnownFileType = folder.assetcatalog; path = Assets.xcassets; sourceTree = "<group>"; };
		595FD7D324CF17F70090A491 /* ViewController.swift */ = {isa = PBXFileReference; fileEncoding = 4; lastKnownFileType = sourcecode.swift; path = ViewController.swift; sourceTree = "<group>"; };
		595FD7D624CF219D0090A491 /* LGPDBannerView.swift */ = {isa = PBXFileReference; lastKnownFileType = sourcecode.swift; path = LGPDBannerView.swift; sourceTree = "<group>"; };
		595FD7D724CF219D0090A491 /* LGPDBannerView.xib */ = {isa = PBXFileReference; lastKnownFileType = file.xib; path = LGPDBannerView.xib; sourceTree = "<group>"; };
		595FD7DB24CF22920090A491 /* LGPDLocalizable.strings */ = {isa = PBXFileReference; lastKnownFileType = text.plist.strings; path = LGPDLocalizable.strings; sourceTree = "<group>"; };
		595FD7DF24CF29280090A491 /* Localizable.swift */ = {isa = PBXFileReference; lastKnownFileType = sourcecode.swift; path = Localizable.swift; sourceTree = "<group>"; };
		595FD7E224CF29920090A491 /* LGPDLocalization.swift */ = {isa = PBXFileReference; lastKnownFileType = sourcecode.swift; path = LGPDLocalization.swift; sourceTree = "<group>"; };
		59B5598124CF0EAF00ED7EA1 /* LGPDBannerSample.app */ = {isa = PBXFileReference; explicitFileType = wrapper.application; includeInIndex = 0; path = LGPDBannerSample.app; sourceTree = BUILT_PRODUCTS_DIR; };
		59B5598424CF0EAF00ED7EA1 /* AppDelegate.swift */ = {isa = PBXFileReference; lastKnownFileType = sourcecode.swift; path = AppDelegate.swift; sourceTree = "<group>"; };
		59B5598624CF0EAF00ED7EA1 /* SceneDelegate.swift */ = {isa = PBXFileReference; lastKnownFileType = sourcecode.swift; path = SceneDelegate.swift; sourceTree = "<group>"; };
		59B5599024CF0EB100ED7EA1 /* Base */ = {isa = PBXFileReference; lastKnownFileType = file.storyboard; name = Base; path = Base.lproj/LaunchScreen.storyboard; sourceTree = "<group>"; };
		59B5599224CF0EB100ED7EA1 /* Info.plist */ = {isa = PBXFileReference; lastKnownFileType = text.plist.xml; path = Info.plist; sourceTree = "<group>"; };
/* End PBXFileReference section */

/* Begin PBXFrameworksBuildPhase section */
		59B5597E24CF0EAF00ED7EA1 /* Frameworks */ = {
			isa = PBXFrameworksBuildPhase;
			buildActionMask = 2147483647;
			files = (
			);
			runOnlyForDeploymentPostprocessing = 0;
		};
/* End PBXFrameworksBuildPhase section */

/* Begin PBXGroup section */
		59271B0F24CF31FA000C8F24 /* ViewController */ = {
			isa = PBXGroup;
			children = (
				59271B1024CF321A000C8F24 /* LGPDBannerContainerController.swift */,
			);
			path = ViewController;
			sourceTree = "<group>";
		};
		59271B1424CF41CD000C8F24 /* Window */ = {
			isa = PBXGroup;
			children = (
				59271B1524CF41DF000C8F24 /* LGPDBannerWindow.swift */,
			);
			path = Window;
			sourceTree = "<group>";
		};
		59271B1724CF41FF000C8F24 /* Manager */ = {
			isa = PBXGroup;
			children = (
				59271B1824CF4213000C8F24 /* LGPDBannerManager.swift */,
			);
			path = Manager;
			sourceTree = "<group>";
		};
		595FD7D524CF214B0090A491 /* LGPDBanner */ = {
			isa = PBXGroup;
			children = (
				59271B1724CF41FF000C8F24 /* Manager */,
				59271B1424CF41CD000C8F24 /* Window */,
				59271B0F24CF31FA000C8F24 /* ViewController */,
				595FD7E124CF29770090A491 /* Loocalization */,
				595FD7DA24CF21F70090A491 /* View */,
			);
			path = LGPDBanner;
			sourceTree = "<group>";
		};
		595FD7DA24CF21F70090A491 /* View */ = {
			isa = PBXGroup;
			children = (
				595FD7D624CF219D0090A491 /* LGPDBannerView.swift */,
				595FD7D724CF219D0090A491 /* LGPDBannerView.xib */,
				595FD7DB24CF22920090A491 /* LGPDLocalizable.strings */,
				59271B0D24CF31B9000C8F24 /* UntouchableView.swift */,
			);
			path = View;
			sourceTree = "<group>";
		};
		595FD7DD24CF25260090A491 /* Util */ = {
			isa = PBXGroup;
			children = (
				595FD7DE24CF252E0090A491 /* Extensions */,
				595FD7DF24CF29280090A491 /* Localizable.swift */,
			);
			path = Util;
			sourceTree = "<group>";
		};
		595FD7DE24CF252E0090A491 /* Extensions */ = {
			isa = PBXGroup;
			children = (
				59271B1224CF325B000C8F24 /* UIApplication+Extensions.swift */,
			);
			path = Extensions;
			sourceTree = "<group>";
		};
		595FD7E124CF29770090A491 /* Loocalization */ = {
			isa = PBXGroup;
			children = (
				595FD7E224CF29920090A491 /* LGPDLocalization.swift */,
			);
			path = Loocalization;
			sourceTree = "<group>";
		};
		59B5597824CF0EAF00ED7EA1 = {
			isa = PBXGroup;
			children = (
				59B5598324CF0EAF00ED7EA1 /* LGPDBannerSample */,
				59B5598224CF0EAF00ED7EA1 /* Products */,
			);
			sourceTree = "<group>";
		};
		59B5598224CF0EAF00ED7EA1 /* Products */ = {
			isa = PBXGroup;
			children = (
				59B5598124CF0EAF00ED7EA1 /* LGPDBannerSample.app */,
			);
			name = Products;
			sourceTree = "<group>";
		};
		59B5598324CF0EAF00ED7EA1 /* LGPDBannerSample */ = {
			isa = PBXGroup;
			children = (
				59B559B524CF11E200ED7EA1 /* Resource */,
				59B559B424CF11D900ED7EA1 /* Source */,
			);
			path = LGPDBannerSample;
			sourceTree = "<group>";
		};
		59B559B424CF11D900ED7EA1 /* Source */ = {
			isa = PBXGroup;
			children = (
				595FD7DD24CF25260090A491 /* Util */,
				595FD7D524CF214B0090A491 /* LGPDBanner */,
				59B559B624CF124000ED7EA1 /* MainController */,
			);
			path = Source;
			sourceTree = "<group>";
		};
		59B559B524CF11E200ED7EA1 /* Resource */ = {
			isa = PBXGroup;
			children = (
				59B5598424CF0EAF00ED7EA1 /* AppDelegate.swift */,
				59B5598624CF0EAF00ED7EA1 /* SceneDelegate.swift */,
				59B5598F24CF0EB100ED7EA1 /* LaunchScreen.storyboard */,
				59B5599224CF0EB100ED7EA1 /* Info.plist */,
				59271B1A24D093A3000C8F24 /* Assets.xcassets */,
			);
			path = Resource;
			sourceTree = "<group>";
		};
		59B559B624CF124000ED7EA1 /* MainController */ = {
			isa = PBXGroup;
			children = (
				595FD7D324CF17F70090A491 /* ViewController.swift */,
			);
			path = MainController;
			sourceTree = "<group>";
		};
/* End PBXGroup section */

/* Begin PBXNativeTarget section */
		59B5598024CF0EAF00ED7EA1 /* LGPDBannerSample */ = {
			isa = PBXNativeTarget;
			buildConfigurationList = 59B559AB24CF0EB200ED7EA1 /* Build configuration list for PBXNativeTarget "LGPDBannerSample" */;
			buildPhases = (
				59B5597D24CF0EAF00ED7EA1 /* Sources */,
				59B5597E24CF0EAF00ED7EA1 /* Frameworks */,
				59B5597F24CF0EAF00ED7EA1 /* Resources */,
			);
			buildRules = (
			);
			dependencies = (
			);
			name = LGPDBannerSample;
			productName = LGPDBannerSample;
			productReference = 59B5598124CF0EAF00ED7EA1 /* LGPDBannerSample.app */;
			productType = "com.apple.product-type.application";
		};
/* End PBXNativeTarget section */

/* Begin PBXProject section */
		59B5597924CF0EAF00ED7EA1 /* Project object */ = {
			isa = PBXProject;
			attributes = {
				LastSwiftUpdateCheck = 1150;
				LastUpgradeCheck = 1150;
				ORGANIZATIONNAME = Dextra;
				TargetAttributes = {
					59B5598024CF0EAF00ED7EA1 = {
						CreatedOnToolsVersion = 11.5;
					};
				};
			};
			buildConfigurationList = 59B5597C24CF0EAF00ED7EA1 /* Build configuration list for PBXProject "LGPDBannerSample" */;
			compatibilityVersion = "Xcode 9.3";
			developmentRegion = en;
			hasScannedForEncodings = 0;
			knownRegions = (
				en,
				Base,
			);
			mainGroup = 59B5597824CF0EAF00ED7EA1;
			productRefGroup = 59B5598224CF0EAF00ED7EA1 /* Products */;
			projectDirPath = "";
			projectRoot = "";
			targets = (
				59B5598024CF0EAF00ED7EA1 /* LGPDBannerSample */,
			);
		};
/* End PBXProject section */

/* Begin PBXResourcesBuildPhase section */
		59B5597F24CF0EAF00ED7EA1 /* Resources */ = {
			isa = PBXResourcesBuildPhase;
			buildActionMask = 2147483647;
			files = (
				595FD7DC24CF22920090A491 /* LGPDLocalizable.strings in Resources */,
				59B5599124CF0EB100ED7EA1 /* LaunchScreen.storyboard in Resources */,
				59271B1B24D093A3000C8F24 /* Assets.xcassets in Resources */,
				595FD7D924CF219D0090A491 /* LGPDBannerView.xib in Resources */,
			);
			runOnlyForDeploymentPostprocessing = 0;
		};
/* End PBXResourcesBuildPhase section */

/* Begin PBXSourcesBuildPhase section */
		59B5597D24CF0EAF00ED7EA1 /* Sources */ = {
			isa = PBXSourcesBuildPhase;
			buildActionMask = 2147483647;
			files = (
				59271B1624CF41DF000C8F24 /* LGPDBannerWindow.swift in Sources */,
				595FD7D424CF17F70090A491 /* ViewController.swift in Sources */,
				59271B0E24CF31B9000C8F24 /* UntouchableView.swift in Sources */,
				59271B1324CF325B000C8F24 /* UIApplication+Extensions.swift in Sources */,
				59271B1124CF321A000C8F24 /* LGPDBannerContainerController.swift in Sources */,
				59B5598524CF0EAF00ED7EA1 /* AppDelegate.swift in Sources */,
				595FD7E024CF29280090A491 /* Localizable.swift in Sources */,
				595FD7E324CF29920090A491 /* LGPDLocalization.swift in Sources */,
				59271B1924CF4213000C8F24 /* LGPDBannerManager.swift in Sources */,
				59B5598724CF0EAF00ED7EA1 /* SceneDelegate.swift in Sources */,
				595FD7D824CF219D0090A491 /* LGPDBannerView.swift in Sources */,
			);
			runOnlyForDeploymentPostprocessing = 0;
		};
/* End PBXSourcesBuildPhase section */

/* Begin PBXVariantGroup section */
		59B5598F24CF0EB100ED7EA1 /* LaunchScreen.storyboard */ = {
			isa = PBXVariantGroup;
			children = (
				59B5599024CF0EB100ED7EA1 /* Base */,
			);
			name = LaunchScreen.storyboard;
			sourceTree = "<group>";
		};
/* End PBXVariantGroup section */

/* Begin XCBuildConfiguration section */
		59B559A924CF0EB200ED7EA1 /* Debug */ = {
			isa = XCBuildConfiguration;
			buildSettings = {
				ALWAYS_SEARCH_USER_PATHS = NO;
				CLANG_ANALYZER_NONNULL = YES;
				CLANG_ANALYZER_NUMBER_OBJECT_CONVERSION = YES_AGGRESSIVE;
				CLANG_CXX_LANGUAGE_STANDARD = "gnu++14";
				CLANG_CXX_LIBRARY = "libc++";
				CLANG_ENABLE_MODULES = YES;
				CLANG_ENABLE_OBJC_ARC = YES;
				CLANG_ENABLE_OBJC_WEAK = YES;
				CLANG_WARN_BLOCK_CAPTURE_AUTORELEASING = YES;
				CLANG_WARN_BOOL_CONVERSION = YES;
				CLANG_WARN_COMMA = YES;
				CLANG_WARN_CONSTANT_CONVERSION = YES;
				CLANG_WARN_DEPRECATED_OBJC_IMPLEMENTATIONS = YES;
				CLANG_WARN_DIRECT_OBJC_ISA_USAGE = YES_ERROR;
				CLANG_WARN_DOCUMENTATION_COMMENTS = YES;
				CLANG_WARN_EMPTY_BODY = YES;
				CLANG_WARN_ENUM_CONVERSION = YES;
				CLANG_WARN_INFINITE_RECURSION = YES;
				CLANG_WARN_INT_CONVERSION = YES;
				CLANG_WARN_NON_LITERAL_NULL_CONVERSION = YES;
				CLANG_WARN_OBJC_IMPLICIT_RETAIN_SELF = YES;
				CLANG_WARN_OBJC_LITERAL_CONVERSION = YES;
				CLANG_WARN_OBJC_ROOT_CLASS = YES_ERROR;
				CLANG_WARN_RANGE_LOOP_ANALYSIS = YES;
				CLANG_WARN_STRICT_PROTOTYPES = YES;
				CLANG_WARN_SUSPICIOUS_MOVE = YES;
				CLANG_WARN_UNGUARDED_AVAILABILITY = YES_AGGRESSIVE;
				CLANG_WARN_UNREACHABLE_CODE = YES;
				CLANG_WARN__DUPLICATE_METHOD_MATCH = YES;
				COPY_PHASE_STRIP = NO;
				DEBUG_INFORMATION_FORMAT = dwarf;
				ENABLE_STRICT_OBJC_MSGSEND = YES;
				ENABLE_TESTABILITY = YES;
				GCC_C_LANGUAGE_STANDARD = gnu11;
				GCC_DYNAMIC_NO_PIC = NO;
				GCC_NO_COMMON_BLOCKS = YES;
				GCC_OPTIMIZATION_LEVEL = 0;
				GCC_PREPROCESSOR_DEFINITIONS = (
					"DEBUG=1",
					"$(inherited)",
				);
				GCC_WARN_64_TO_32_BIT_CONVERSION = YES;
				GCC_WARN_ABOUT_RETURN_TYPE = YES_ERROR;
				GCC_WARN_UNDECLARED_SELECTOR = YES;
				GCC_WARN_UNINITIALIZED_AUTOS = YES_AGGRESSIVE;
				GCC_WARN_UNUSED_FUNCTION = YES;
				GCC_WARN_UNUSED_VARIABLE = YES;
				IPHONEOS_DEPLOYMENT_TARGET = 13.0;
				MTL_ENABLE_DEBUG_INFO = INCLUDE_SOURCE;
				MTL_FAST_MATH = YES;
				ONLY_ACTIVE_ARCH = YES;
				SDKROOT = iphoneos;
				SWIFT_ACTIVE_COMPILATION_CONDITIONS = DEBUG;
				SWIFT_OPTIMIZATION_LEVEL = "-Onone";
			};
			name = Debug;
		};
		59B559AA24CF0EB200ED7EA1 /* Release */ = {
			isa = XCBuildConfiguration;
			buildSettings = {
				ALWAYS_SEARCH_USER_PATHS = NO;
				CLANG_ANALYZER_NONNULL = YES;
				CLANG_ANALYZER_NUMBER_OBJECT_CONVERSION = YES_AGGRESSIVE;
				CLANG_CXX_LANGUAGE_STANDARD = "gnu++14";
				CLANG_CXX_LIBRARY = "libc++";
				CLANG_ENABLE_MODULES = YES;
				CLANG_ENABLE_OBJC_ARC = YES;
				CLANG_ENABLE_OBJC_WEAK = YES;
				CLANG_WARN_BLOCK_CAPTURE_AUTORELEASING = YES;
				CLANG_WARN_BOOL_CONVERSION = YES;
				CLANG_WARN_COMMA = YES;
				CLANG_WARN_CONSTANT_CONVERSION = YES;
				CLANG_WARN_DEPRECATED_OBJC_IMPLEMENTATIONS = YES;
				CLANG_WARN_DIRECT_OBJC_ISA_USAGE = YES_ERROR;
				CLANG_WARN_DOCUMENTATION_COMMENTS = YES;
				CLANG_WARN_EMPTY_BODY = YES;
				CLANG_WARN_ENUM_CONVERSION = YES;
				CLANG_WARN_INFINITE_RECURSION = YES;
				CLANG_WARN_INT_CONVERSION = YES;
				CLANG_WARN_NON_LITERAL_NULL_CONVERSION = YES;
				CLANG_WARN_OBJC_IMPLICIT_RETAIN_SELF = YES;
				CLANG_WARN_OBJC_LITERAL_CONVERSION = YES;
				CLANG_WARN_OBJC_ROOT_CLASS = YES_ERROR;
				CLANG_WARN_RANGE_LOOP_ANALYSIS = YES;
				CLANG_WARN_STRICT_PROTOTYPES = YES;
				CLANG_WARN_SUSPICIOUS_MOVE = YES;
				CLANG_WARN_UNGUARDED_AVAILABILITY = YES_AGGRESSIVE;
				CLANG_WARN_UNREACHABLE_CODE = YES;
				CLANG_WARN__DUPLICATE_METHOD_MATCH = YES;
				COPY_PHASE_STRIP = NO;
				DEBUG_INFORMATION_FORMAT = "dwarf-with-dsym";
				ENABLE_NS_ASSERTIONS = NO;
				ENABLE_STRICT_OBJC_MSGSEND = YES;
				GCC_C_LANGUAGE_STANDARD = gnu11;
				GCC_NO_COMMON_BLOCKS = YES;
				GCC_WARN_64_TO_32_BIT_CONVERSION = YES;
				GCC_WARN_ABOUT_RETURN_TYPE = YES_ERROR;
				GCC_WARN_UNDECLARED_SELECTOR = YES;
				GCC_WARN_UNINITIALIZED_AUTOS = YES_AGGRESSIVE;
				GCC_WARN_UNUSED_FUNCTION = YES;
				GCC_WARN_UNUSED_VARIABLE = YES;
				IPHONEOS_DEPLOYMENT_TARGET = 13.0;
				MTL_ENABLE_DEBUG_INFO = NO;
				MTL_FAST_MATH = YES;
				SDKROOT = iphoneos;
				SWIFT_COMPILATION_MODE = wholemodule;
				SWIFT_OPTIMIZATION_LEVEL = "-O";
				VALIDATE_PRODUCT = YES;
			};
			name = Release;
		};
		59B559AC24CF0EB200ED7EA1 /* Debug */ = {
			isa = XCBuildConfiguration;
			buildSettings = {
				ASSETCATALOG_COMPILER_APPICON_NAME = AppIcon;
				CODE_SIGN_STYLE = Automatic;
				INFOPLIST_FILE = LGPDBannerSample/Resource/Info.plist;
				IPHONEOS_DEPLOYMENT_TARGET = 11.0;
				LD_RUNPATH_SEARCH_PATHS = (
					"$(inherited)",
					"@executable_path/Frameworks",
				);
				PRODUCT_BUNDLE_IDENTIFIER = br.com.tbzn.LGPDBannerSample;
				PRODUCT_NAME = "$(TARGET_NAME)";
				SWIFT_VERSION = 5.0;
				TARGETED_DEVICE_FAMILY = "1,2";
			};
			name = Debug;
		};
		59B559AD24CF0EB200ED7EA1 /* Release */ = {
			isa = XCBuildConfiguration;
			buildSettings = {
				ASSETCATALOG_COMPILER_APPICON_NAME = AppIcon;
				CODE_SIGN_STYLE = Automatic;
				INFOPLIST_FILE = LGPDBannerSample/Resource/Info.plist;
				IPHONEOS_DEPLOYMENT_TARGET = 11.0;
				LD_RUNPATH_SEARCH_PATHS = (
					"$(inherited)",
					"@executable_path/Frameworks",
				);
				PRODUCT_BUNDLE_IDENTIFIER = br.com.tbzn.LGPDBannerSample;
				PRODUCT_NAME = "$(TARGET_NAME)";
				SWIFT_VERSION = 5.0;
				TARGETED_DEVICE_FAMILY = "1,2";
			};
			name = Release;
		};
/* End XCBuildConfiguration section */

/* Begin XCConfigurationList section */
		59B5597C24CF0EAF00ED7EA1 /* Build configuration list for PBXProject "LGPDBannerSample" */ = {
			isa = XCConfigurationList;
			buildConfigurations = (
				59B559A924CF0EB200ED7EA1 /* Debug */,
				59B559AA24CF0EB200ED7EA1 /* Release */,
			);
			defaultConfigurationIsVisible = 0;
			defaultConfigurationName = Release;
		};
		59B559AB24CF0EB200ED7EA1 /* Build configuration list for PBXNativeTarget "LGPDBannerSample" */ = {
			isa = XCConfigurationList;
			buildConfigurations = (
				59B559AC24CF0EB200ED7EA1 /* Debug */,
				59B559AD24CF0EB200ED7EA1 /* Release */,
			);
			defaultConfigurationIsVisible = 0;
			defaultConfigurationName = Release;
		};
/* End XCConfigurationList section */
	};
	rootObject = 59B5597924CF0EAF00ED7EA1 /* Project object */;
}
